<?xml version="1.0" encoding="utf-8"?>
<Project ToolsVersion="4.0" xmlns="http://schemas.microsoft.com/developer/msbuild/2003">
  <ItemGroup>
    <Filter Include="Source Files">
      <UniqueIdentifier>{4FC737F1-C7A5-4376-A066-2A32D752A2FF}</UniqueIdentifier>
      <Extensions>cpp;c;cc;cxx;def;odl;idl;hpj;bat;asm;asmx</Extensions>
    </Filter>
    <Filter Include="Header Files">
      <UniqueIdentifier>{93995380-89BD-4b04-88EB-625FBE52EBFB}</UniqueIdentifier>
      <Extensions>h;hpp;hxx;hm;inl;inc;xsd</Extensions>
    </Filter>
    <Filter Include="DM_Test">
      <UniqueIdentifier>{afa74b54-3d87-424f-b233-576b398b4185}</UniqueIdentifier>
    </Filter>
  </ItemGroup>
  <ItemGroup>
    <ClCompile Include="main.cpp">
      <Filter>Source Files</Filter>
    </ClCompile>
    <ClCompile Include="stdafx.cpp">
      <Filter>Source Files</Filter>
    </ClCompile>
    <ClCompile Include="D2xx.cpp">
      <Filter>Source Files</Filter>
    </ClCompile>
    <ClCompile Include="DiskMaster.cpp">
      <Filter>Source Files</Filter>
    </ClCompile>
    <ClCompile Include="DiskMasterManager.cpp">
      <Filter>Source Files</Filter>
    </ClCompile>
    <ClCompile Include="DMDisk.cpp">
      <Filter>Source Files</Filter>
    </ClCompile>
    <ClCompile Include="DmtTrace.cpp">
      <Filter>Source Files</Filter>
    </ClCompile>
  </ItemGroup>
  <ItemGroup>
    <ClInclude Include="stdafx.h">
      <Filter>Header Files</Filter>
    </ClInclude>
    <ClInclude Include="targetver.h">
      <Filter>Header Files</Filter>
    </ClInclude>
    <ClInclude Include="Abstract.h">
      <Filter>Header Files</Filter>
    </ClInclude>
    <ClInclude Include="ata8.h">
      <Filter>Header Files</Filter>
    </ClInclude>
    <ClInclude Include="D2xx.h">
      <Filter>Header Files</Filter>
    </ClInclude>
    <ClInclude Include="DiskMaster.h">
      <Filter>Header Files</Filter>
    </ClInclude>
    <ClInclude Include="DiskMasterManager.h">
      <Filter>Header Files</Filter>
    </ClInclude>
    <ClInclude Include="DMDisk.h">
      <Filter>Header Files</Filter>
    </ClInclude>
    <ClInclude Include="DmtTrace.h">
      <Filter>Header Files</Filter>
    </ClInclude>
    <ClInclude Include="Utilities.h">
      <Filter>Header Files</Filter>
    </ClInclude>
  </ItemGroup>
</Project>